<?xml version="1.0" encoding="utf-8"?>
<Project ToolsVersion="4.0" xmlns="http://schemas.microsoft.com/developer/msbuild/2003">
  <ItemGroup>
    <Filter Include="소스 파일">
      <UniqueIdentifier>{4FC737F1-C7A5-4376-A066-2A32D752A2FF}</UniqueIdentifier>
      <Extensions>cpp;c;cc;cxx;c++;cppm;ixx;def;odl;idl;hpj;bat;asm;asmx</Extensions>
    </Filter>
    <Filter Include="헤더 파일">
      <UniqueIdentifier>{93995380-89BD-4b04-88EB-625FBE52EBFB}</UniqueIdentifier>
      <Extensions>h;hh;hpp;hxx;h++;hm;inl;inc;ipp;xsd</Extensions>
    </Filter>
    <Filter Include="리소스 파일">
      <UniqueIdentifier>{67DA6AB6-F800-4c08-8B7A-83BB121AAD01}</UniqueIdentifier>
      <Extensions>rc;ico;cur;bmp;dlg;rc2;rct;bin;rgs;gif;jpg;jpeg;jpe;resx;tiff;tif;png;wav;mfcribbon-ms</Extensions>
    </Filter>
    <Filter Include="00. MainGame">
      <UniqueIdentifier>{2619d353-d966-4f95-a11e-88182b7a0dff}</UniqueIdentifier>
    </Filter>
    <Filter Include="01. Obj">
      <UniqueIdentifier>{60ec1b66-d70e-48b2-ac3a-8d8f72ea2ab6}</UniqueIdentifier>
    </Filter>
    <Filter Include="01. Obj\00. Player">
      <UniqueIdentifier>{690c488f-c7d2-4683-af87-44e31290119c}</UniqueIdentifier>
    </Filter>
    <Filter Include="01. Obj\01. Mouse">
      <UniqueIdentifier>{487958d9-62b2-4f04-9662-dc0bf146e5ae}</UniqueIdentifier>
    </Filter>
    <Filter Include="01. Obj\02. Monster">
      <UniqueIdentifier>{c40e4d5a-848c-4b9b-9fff-744b77f2e737}</UniqueIdentifier>
    </Filter>
    <Filter Include="03. Manager">
      <UniqueIdentifier>{e19c9417-3987-4ed0-89a9-8e03cefb310b}</UniqueIdentifier>
    </Filter>
    <Filter Include="03. Manager\00. AbstractFactory">
      <UniqueIdentifier>{7cc650e0-73c5-431b-a48b-53381c507f39}</UniqueIdentifier>
    </Filter>
    <Filter Include="03. Manager\01. CollisionMgr">
      <UniqueIdentifier>{e12c3a30-cdee-4fe8-b452-9973e264a9a7}</UniqueIdentifier>
    </Filter>
    <Filter Include="03. Manager\02. ObjMgr">
      <UniqueIdentifier>{d3e8b006-557b-4337-8bf4-b56fc81653ff}</UniqueIdentifier>
    </Filter>
    <Filter Include="03. Manager\03. LineMgr">
      <UniqueIdentifier>{ced22420-8a0b-417f-aaf7-35c7d9e173eb}</UniqueIdentifier>
    </Filter>
    <Filter Include="03. Manager\03. LineMgr\00. Line">
      <UniqueIdentifier>{f520e4f6-2655-4173-aed7-b8f8c36e7a6c}</UniqueIdentifier>
    </Filter>
    <Filter Include="03. Manager\04. KeyMgr">
      <UniqueIdentifier>{b4f734d2-c40a-488a-b859-753153e4d0f4}</UniqueIdentifier>
    </Filter>
    <Filter Include="03. Manager\05. CameraMgr">
      <UniqueIdentifier>{8e206dc1-ba11-498a-bd72-81681f1d484e}</UniqueIdentifier>
    </Filter>
    <Filter Include="03. Manager\05. CameraMgr\00. Camera">
      <UniqueIdentifier>{cd5475f6-a7bd-484f-90cd-229f76d6f6a2}</UniqueIdentifier>
    </Filter>
    <Filter Include="03. Manager\07. SceneMgr">
      <UniqueIdentifier>{70c17e59-b88d-4966-9aa1-1ac7c3b803fc}</UniqueIdentifier>
    </Filter>
    <Filter Include="03. Manager\08. TileMgr">
      <UniqueIdentifier>{b2d7866e-ba71-4ed3-ad6f-f861225f733c}</UniqueIdentifier>
    </Filter>
    <Filter Include="03. Manager\08. TileMgr\00. Tile">
      <UniqueIdentifier>{2812b0d8-a1b7-40ed-981b-429b03079651}</UniqueIdentifier>
    </Filter>
    <Filter Include="03. Manager\09. TimeMgr">
      <UniqueIdentifier>{3af0db6c-5252-4999-808f-2ee9b5df1c6e}</UniqueIdentifier>
    </Filter>
    <Filter Include="03. Manager\06. ImgMgr">
      <UniqueIdentifier>{9cc2d10b-d465-41ea-a18c-37f81bd6c20a}</UniqueIdentifier>
    </Filter>
    <Filter Include="04. Scene">
      <UniqueIdentifier>{b8ee814c-7d36-4d1f-a40e-c46b14b554bb}</UniqueIdentifier>
    </Filter>
    <Filter Include="04. Scene\00. Stage">
      <UniqueIdentifier>{e00739a8-abf4-4dbc-8042-e0a59b299a12}</UniqueIdentifier>
    </Filter>
    <Filter Include="02. State">
      <UniqueIdentifier>{8a089e36-8ce5-4178-badc-442b768965f8}</UniqueIdentifier>
    </Filter>
    <Filter Include="01. Obj\03. Weapon">
      <UniqueIdentifier>{e142b83a-b045-40e7-92d9-f1b9b7a3a54d}</UniqueIdentifier>
    </Filter>
    <Filter Include="01. Obj\03. Weapon\01. SwordAndShield">
      <UniqueIdentifier>{f754f576-92ab-40ea-b9d3-cf2ebc89bdd1}</UniqueIdentifier>
    </Filter>
    <Filter Include="01. Obj\03. Weapon\00. WeaponController">
      <UniqueIdentifier>{93d0bea1-2ae2-48e6-9494-4de31152151c}</UniqueIdentifier>
    </Filter>
    <Filter Include="01. Obj\03. Weapon\01. SwordAndShield\00. Sword">
      <UniqueIdentifier>{3e3af32b-c35c-47ac-a38e-74b71e6408b9}</UniqueIdentifier>
    </Filter>
    <Filter Include="01. Obj\03. Weapon\01. SwordAndShield\01. Shield">
      <UniqueIdentifier>{c16a84dc-93ae-44f1-b27c-7be096224c08}</UniqueIdentifier>
    </Filter>
    <Filter Include="03. Manager\10. EffectMgr">
      <UniqueIdentifier>{af869e37-16df-435b-823e-b383d743334c}</UniqueIdentifier>
    </Filter>
    <Filter Include="01. Obj\04. Effect">
      <UniqueIdentifier>{a87a83a9-bd56-4a17-9549-ad7a29e76cc6}</UniqueIdentifier>
    </Filter>
    <Filter Include="01. Obj\02. Monster\00. Erma">
      <UniqueIdentifier>{5ca27ce4-69f4-4b21-bf02-ad52c945ef86}</UniqueIdentifier>
    </Filter>
    <Filter Include="01. Obj\02. Monster\01. Fluffy">
      <UniqueIdentifier>{9e85d714-b5cd-4b72-9a14-c8f67c23e212}</UniqueIdentifier>
    </Filter>
    <Filter Include="01. Obj\05. Bullet">
      <UniqueIdentifier>{262c9b9a-b25f-4ad1-8660-5443f6ec93c6}</UniqueIdentifier>
    </Filter>
  </ItemGroup>
  <ItemGroup>
    <ClInclude Include="framework.h">
      <Filter>헤더 파일</Filter>
    </ClInclude>
    <ClInclude Include="targetver.h">
      <Filter>헤더 파일</Filter>
    </ClInclude>
    <ClInclude Include="Resource.h">
      <Filter>헤더 파일</Filter>
    </ClInclude>
    <ClInclude Include="Game.h">
      <Filter>헤더 파일</Filter>
    </ClInclude>
    <ClInclude Include="pch.h">
      <Filter>헤더 파일</Filter>
    </ClInclude>
    <ClInclude Include="CTimeMgr.h">
      <Filter>03. Manager\09. TimeMgr</Filter>
    </ClInclude>
    <ClInclude Include="Define.h">
      <Filter>헤더 파일</Filter>
    </ClInclude>
    <ClInclude Include="CMainGame.h">
      <Filter>00. MainGame</Filter>
    </ClInclude>
    <ClInclude Include="CObj.h">
      <Filter>01. Obj</Filter>
    </ClInclude>
    <ClInclude Include="CObjMgr.h">
      <Filter>03. Manager\02. ObjMgr</Filter>
    </ClInclude>
    <ClInclude Include="CAbstractFactory.h">
      <Filter>03. Manager\00. AbstractFactory</Filter>
    </ClInclude>
    <ClInclude Include="CCollisionMgr.h">
      <Filter>03. Manager\01. CollisionMgr</Filter>
    </ClInclude>
    <ClInclude Include="CKeyMgr.h">
      <Filter>03. Manager\04. KeyMgr</Filter>
    </ClInclude>
    <ClInclude Include="CLineMgr.h">
      <Filter>03. Manager\03. LineMgr</Filter>
    </ClInclude>
    <ClInclude Include="CLine.h">
      <Filter>03. Manager\03. LineMgr\00. Line</Filter>
    </ClInclude>
    <ClInclude Include="CCameraMgr.h">
      <Filter>03. Manager\05. CameraMgr</Filter>
    </ClInclude>
    <ClInclude Include="CTileMgr.h">
      <Filter>03. Manager\08. TileMgr</Filter>
    </ClInclude>
    <ClInclude Include="CTile.h">
      <Filter>03. Manager\08. TileMgr\00. Tile</Filter>
    </ClInclude>
    <ClInclude Include="CSceneMgr.h">
      <Filter>03. Manager\07. SceneMgr</Filter>
    </ClInclude>
    <ClInclude Include="CScene.h">
      <Filter>04. Scene</Filter>
    </ClInclude>
    <ClInclude Include="CImgMgr.h">
      <Filter>03. Manager\06. ImgMgr</Filter>
    </ClInclude>
    <ClInclude Include="CPlayer.h">
      <Filter>01. Obj\00. Player</Filter>
    </ClInclude>
    <ClInclude Include="CStage.h">
      <Filter>04. Scene\00. Stage</Filter>
    </ClInclude>
    <ClInclude Include="CCamera.h">
      <Filter>03. Manager\05. CameraMgr\00. Camera</Filter>
    </ClInclude>
    <ClInclude Include="CMonster.h">
      <Filter>01. Obj\02. Monster</Filter>
    </ClInclude>
    <ClInclude Include="CState.h">
      <Filter>02. State</Filter>
    </ClInclude>
    <ClInclude Include="CWeapon.h">
      <Filter>01. Obj\03. Weapon</Filter>
    </ClInclude>
    <ClInclude Include="CWeaponController.h">
      <Filter>01. Obj\03. Weapon\00. WeaponController</Filter>
    </ClInclude>
    <ClInclude Include="CShield.h">
      <Filter>01. Obj\03. Weapon\01. SwordAndShield\01. Shield</Filter>
    </ClInclude>
    <ClInclude Include="CSword.h">
      <Filter>01. Obj\03. Weapon\01. SwordAndShield\00. Sword</Filter>
    </ClInclude>
    <ClInclude Include="CEffectMgr.h">
      <Filter>03. Manager\10. EffectMgr</Filter>
    </ClInclude>
    <ClInclude Include="CEffect.h">
      <Filter>01. Obj\04. Effect</Filter>
    </ClInclude>
    <ClInclude Include="CSwordAndShield.h">
      <Filter>01. Obj\03. Weapon\01. SwordAndShield</Filter>
    </ClInclude>
    <ClInclude Include="CErma.h">
      <Filter>01. Obj\02. Monster\00. Erma</Filter>
    </ClInclude>
    <ClInclude Include="CFluffy.h">
      <Filter>01. Obj\02. Monster\01. Fluffy</Filter>
    </ClInclude>
    <ClInclude Include="CBullet.h">
      <Filter>01. Obj\05. Bullet</Filter>
    </ClInclude>
  </ItemGroup>
  <ItemGroup>
    <ClCompile Include="Game.cpp">
      <Filter>소스 파일</Filter>
    </ClCompile>
    <ClCompile Include="pch.cpp">
      <Filter>소스 파일</Filter>
    </ClCompile>
    <ClCompile Include="CTimeMgr.cpp">
      <Filter>03. Manager\09. TimeMgr</Filter>
    </ClCompile>
    <ClCompile Include="CMainGame.cpp">
      <Filter>00. MainGame</Filter>
    </ClCompile>
    <ClCompile Include="CObj.cpp">
      <Filter>01. Obj</Filter>
    </ClCompile>
    <ClCompile Include="CObjMgr.cpp">
      <Filter>03. Manager\02. ObjMgr</Filter>
    </ClCompile>
    <ClCompile Include="CCollisionMgr.cpp">
      <Filter>03. Manager\01. CollisionMgr</Filter>
    </ClCompile>
    <ClCompile Include="CKeyMgr.cpp">
      <Filter>03. Manager\04. KeyMgr</Filter>
    </ClCompile>
    <ClCompile Include="CLineMgr.cpp">
      <Filter>03. Manager\03. LineMgr</Filter>
    </ClCompile>
    <ClCompile Include="CLine.cpp">
      <Filter>03. Manager\03. LineMgr\00. Line</Filter>
    </ClCompile>
    <ClCompile Include="CCameraMgr.cpp">
      <Filter>03. Manager\05. CameraMgr</Filter>
    </ClCompile>
    <ClCompile Include="CTileMgr.cpp">
      <Filter>03. Manager\08. TileMgr</Filter>
    </ClCompile>
    <ClCompile Include="CTile.cpp">
      <Filter>03. Manager\08. TileMgr\00. Tile</Filter>
    </ClCompile>
    <ClCompile Include="CSceneMgr.cpp">
      <Filter>03. Manager\07. SceneMgr</Filter>
    </ClCompile>
    <ClCompile Include="CScene.cpp">
      <Filter>04. Scene</Filter>
    </ClCompile>
    <ClCompile Include="CImgMgr.cpp">
      <Filter>03. Manager\06. ImgMgr</Filter>
    </ClCompile>
    <ClCompile Include="CPlayer.cpp">
      <Filter>01. Obj\00. Player</Filter>
    </ClCompile>
    <ClCompile Include="CStage.cpp">
      <Filter>04. Scene\00. Stage</Filter>
    </ClCompile>
    <ClCompile Include="CCamera.cpp">
      <Filter>03. Manager\05. CameraMgr\00. Camera</Filter>
    </ClCompile>
    <ClCompile Include="CMonster.cpp">
      <Filter>01. Obj\02. Monster</Filter>
    </ClCompile>
    <ClCompile Include="CState.cpp">
      <Filter>02. State</Filter>
    </ClCompile>
    <ClCompile Include="CWeapon.cpp">
      <Filter>01. Obj\03. Weapon</Filter>
    </ClCompile>
    <ClCompile Include="CSwordAndShield.cpp">
      <Filter>01. Obj\03. Weapon\01. SwordAndShield</Filter>
    </ClCompile>
    <ClCompile Include="CWeaponController.cpp">
      <Filter>01. Obj\03. Weapon\00. WeaponController</Filter>
    </ClCompile>
    <ClCompile Include="CShield.cpp">
      <Filter>01. Obj\03. Weapon\01. SwordAndShield\01. Shield</Filter>
    </ClCompile>
    <ClCompile Include="CSword.cpp">
      <Filter>01. Obj\03. Weapon\01. SwordAndShield\00. Sword</Filter>
    </ClCompile>
    <ClCompile Include="CEffectMgr.cpp">
      <Filter>03. Manager\10. EffectMgr</Filter>
    </ClCompile>
    <ClCompile Include="CEffect.cpp">
      <Filter>01. Obj\04. Effect</Filter>
    </ClCompile>
    <ClCompile Include="CErma.cpp">
      <Filter>01. Obj\02. Monster\00. Erma</Filter>
    </ClCompile>
    <ClCompile Include="CFluffy.cpp">
      <Filter>01. Obj\02. Monster\01. Fluffy</Filter>
    </ClCompile>
    <ClCompile Include="CBullet.cpp">
      <Filter>01. Obj\05. Bullet</Filter>
    </ClCompile>
  </ItemGroup>
  <ItemGroup>
    <ResourceCompile Include="Game.rc">
      <Filter>리소스 파일</Filter>
    </ResourceCompile>
  </ItemGroup>
  <ItemGroup>
    <Image Include="small.ico">
      <Filter>리소스 파일</Filter>
    </Image>
    <Image Include="Game.ico">
      <Filter>리소스 파일</Filter>
    </Image>
  </ItemGroup>
</Project>