<?xml version="1.0" encoding="utf-8"?>
<Project ToolsVersion="4.0" xmlns="http://schemas.microsoft.com/developer/msbuild/2003">
  <ItemGroup>
    <Filter Include="소스 파일">
      <UniqueIdentifier>{4FC737F1-C7A5-4376-A066-2A32D752A2FF}</UniqueIdentifier>
      <Extensions>cpp;c;cc;cxx;c++;cppm;ixx;def;odl;idl;hpj;bat;asm;asmx</Extensions>
    </Filter>
    <Filter Include="헤더 파일">
      <UniqueIdentifier>{93995380-89BD-4b04-88EB-625FBE52EBFB}</UniqueIdentifier>
      <Extensions>h;hh;hpp;hxx;h++;hm;inl;inc;ipp;xsd</Extensions>
    </Filter>
    <Filter Include="리소스 파일">
      <UniqueIdentifier>{67DA6AB6-F800-4c08-8B7A-83BB121AAD01}</UniqueIdentifier>
      <Extensions>rc;ico;cur;bmp;dlg;rc2;rct;bin;rgs;gif;jpg;jpeg;jpe;resx;tiff;tif;png;wav;mfcribbon-ms</Extensions>
    </Filter>
    <Filter Include="00. MainGame">
      <UniqueIdentifier>{2619d353-d966-4f95-a11e-88182b7a0dff}</UniqueIdentifier>
    </Filter>
    <Filter Include="01. Obj">
      <UniqueIdentifier>{60ec1b66-d70e-48b2-ac3a-8d8f72ea2ab6}</UniqueIdentifier>
    </Filter>
    <Filter Include="03. Manager">
      <UniqueIdentifier>{e19c9417-3987-4ed0-89a9-8e03cefb310b}</UniqueIdentifier>
    </Filter>
    <Filter Include="03. Manager\00. AbstractFactory">
      <UniqueIdentifier>{7cc650e0-73c5-431b-a48b-53381c507f39}</UniqueIdentifier>
    </Filter>
    <Filter Include="03. Manager\01. CollisionMgr">
      <UniqueIdentifier>{e12c3a30-cdee-4fe8-b452-9973e264a9a7}</UniqueIdentifier>
    </Filter>
    <Filter Include="03. Manager\02. ObjMgr">
      <UniqueIdentifier>{d3e8b006-557b-4337-8bf4-b56fc81653ff}</UniqueIdentifier>
    </Filter>
    <Filter Include="03. Manager\03. LineMgr">
      <UniqueIdentifier>{ced22420-8a0b-417f-aaf7-35c7d9e173eb}</UniqueIdentifier>
    </Filter>
    <Filter Include="03. Manager\03. LineMgr\00. Line">
      <UniqueIdentifier>{f520e4f6-2655-4173-aed7-b8f8c36e7a6c}</UniqueIdentifier>
    </Filter>
    <Filter Include="03. Manager\04. KeyMgr">
      <UniqueIdentifier>{b4f734d2-c40a-488a-b859-753153e4d0f4}</UniqueIdentifier>
    </Filter>
    <Filter Include="03. Manager\05. CameraMgr">
      <UniqueIdentifier>{8e206dc1-ba11-498a-bd72-81681f1d484e}</UniqueIdentifier>
    </Filter>
    <Filter Include="03. Manager\05. CameraMgr\00. Camera">
      <UniqueIdentifier>{cd5475f6-a7bd-484f-90cd-229f76d6f6a2}</UniqueIdentifier>
    </Filter>
    <Filter Include="03. Manager\07. SceneMgr">
      <UniqueIdentifier>{70c17e59-b88d-4966-9aa1-1ac7c3b803fc}</UniqueIdentifier>
    </Filter>
    <Filter Include="03. Manager\08. TileMgr">
      <UniqueIdentifier>{b2d7866e-ba71-4ed3-ad6f-f861225f733c}</UniqueIdentifier>
    </Filter>
    <Filter Include="03. Manager\08. TileMgr\00. Tile">
      <UniqueIdentifier>{2812b0d8-a1b7-40ed-981b-429b03079651}</UniqueIdentifier>
    </Filter>
    <Filter Include="03. Manager\09. TimeMgr">
      <UniqueIdentifier>{3af0db6c-5252-4999-808f-2ee9b5df1c6e}</UniqueIdentifier>
    </Filter>
    <Filter Include="03. Manager\06. ImgMgr">
      <UniqueIdentifier>{9cc2d10b-d465-41ea-a18c-37f81bd6c20a}</UniqueIdentifier>
    </Filter>
    <Filter Include="04. Scene">
      <UniqueIdentifier>{b8ee814c-7d36-4d1f-a40e-c46b14b554bb}</UniqueIdentifier>
    </Filter>
    <Filter Include="02. State">
      <UniqueIdentifier>{8a089e36-8ce5-4178-badc-442b768965f8}</UniqueIdentifier>
    </Filter>
    <Filter Include="03. Manager\10. EffectMgr">
      <UniqueIdentifier>{af869e37-16df-435b-823e-b383d743334c}</UniqueIdentifier>
    </Filter>
    <Filter Include="01. Obj\00. Player">
      <UniqueIdentifier>{690c488f-c7d2-4683-af87-44e31290119c}</UniqueIdentifier>
    </Filter>
    <Filter Include="01. Obj\01. Mouse">
      <UniqueIdentifier>{487958d9-62b2-4f04-9662-dc0bf146e5ae}</UniqueIdentifier>
    </Filter>
    <Filter Include="01. Obj\02. Monster">
      <UniqueIdentifier>{c40e4d5a-848c-4b9b-9fff-744b77f2e737}</UniqueIdentifier>
    </Filter>
    <Filter Include="01. Obj\02. Monster\01. Fluffy">
      <UniqueIdentifier>{9e85d714-b5cd-4b72-9a14-c8f67c23e212}</UniqueIdentifier>
    </Filter>
    <Filter Include="01. Obj\03. Weapon">
      <UniqueIdentifier>{e142b83a-b045-40e7-92d9-f1b9b7a3a54d}</UniqueIdentifier>
    </Filter>
    <Filter Include="01. Obj\03. Weapon\01. SwordAndShield">
      <UniqueIdentifier>{f754f576-92ab-40ea-b9d3-cf2ebc89bdd1}</UniqueIdentifier>
    </Filter>
    <Filter Include="01. Obj\03. Weapon\00. WeaponController">
      <UniqueIdentifier>{93d0bea1-2ae2-48e6-9494-4de31152151c}</UniqueIdentifier>
    </Filter>
    <Filter Include="01. Obj\05. Bullet">
      <UniqueIdentifier>{262c9b9a-b25f-4ad1-8660-5443f6ec93c6}</UniqueIdentifier>
    </Filter>
    <Filter Include="01. Obj\04. Effect">
      <UniqueIdentifier>{a87a83a9-bd56-4a17-9549-ad7a29e76cc6}</UniqueIdentifier>
    </Filter>
    <Filter Include="01. Obj\06. UI">
      <UniqueIdentifier>{e0ff8b80-ff2f-456d-bb4e-7934631ad72a}</UniqueIdentifier>
    </Filter>
    <Filter Include="01. Obj\06. UI\00. BasicInfo">
      <UniqueIdentifier>{c5b36fc4-eef3-4086-bb09-cafe2fc58f74}</UniqueIdentifier>
    </Filter>
    <Filter Include="03. Manager\11. UIMgr">
      <UniqueIdentifier>{2cdb3a2a-5ec3-4250-a15b-dc96e7731538}</UniqueIdentifier>
    </Filter>
    <Filter Include="03. Manager\12. FontMgr">
      <UniqueIdentifier>{2d728248-8ff4-4355-9f5f-87225fb362c1}</UniqueIdentifier>
    </Filter>
    <Filter Include="01. Obj\06. UI\01. BossHp">
      <UniqueIdentifier>{df4f24d7-d9e3-40df-8def-25bed12a8515}</UniqueIdentifier>
    </Filter>
    <Filter Include="01. Obj\02. Monster\00. BossErma">
      <UniqueIdentifier>{a736c66a-1a4d-4c30-8c3d-cd7e3dde3c06}</UniqueIdentifier>
    </Filter>
    <Filter Include="01. Obj\02. Monster\00. BossErma\00. ErmaParts">
      <UniqueIdentifier>{6bca5d92-f615-43d3-84f0-aba7c99c5125}</UniqueIdentifier>
    </Filter>
    <Filter Include="01. Obj\02. Monster\00. BossErma\01. ErmaPhase">
      <UniqueIdentifier>{8c68ff17-d1cb-4141-a6cb-10a94cb2ca27}</UniqueIdentifier>
    </Filter>
    <Filter Include="01. Obj\02. Monster\00. BossErma\01. ErmaPhase\01. ErmaPhase1">
      <UniqueIdentifier>{e499b2e2-fa8b-45a7-b75c-f27ff741cf36}</UniqueIdentifier>
    </Filter>
    <Filter Include="01. Obj\02. Monster\00. BossErma\01. ErmaPhase\02. ErmaPhase2">
      <UniqueIdentifier>{aa85eeec-9c2a-43a4-80b5-c3012d0f32ef}</UniqueIdentifier>
    </Filter>
    <Filter Include="01. Obj\02. Monster\00. BossErma\00. ErmaParts\01. ErmaBody">
      <UniqueIdentifier>{25afa720-ff39-441b-af63-66d142a98e66}</UniqueIdentifier>
    </Filter>
    <Filter Include="01. Obj\02. Monster\00. BossErma\00. ErmaParts\02. ErmaHead">
      <UniqueIdentifier>{92303b1d-ec7a-4908-bbea-e9eb6efef38a}</UniqueIdentifier>
    </Filter>
    <Filter Include="01. Obj\02. Monster\00. BossErma\00. ErmaParts\03. ErmaHand">
      <UniqueIdentifier>{8ba684fb-6f5d-4b3c-8833-398c4c8b8668}</UniqueIdentifier>
    </Filter>
    <Filter Include="01. Obj\02. Monster\00. BossErma\00. ErmaParts\00. Erma">
      <UniqueIdentifier>{f6a73bb3-2b70-430a-aa98-1210e506704d}</UniqueIdentifier>
    </Filter>
    <Filter Include="01. Obj\02. Monster\00. BossErma\02. ErmaMissile">
      <UniqueIdentifier>{6920bebe-f650-4749-9ef2-987d861d331d}</UniqueIdentifier>
    </Filter>
    <Filter Include="01. Obj\02. Monster\00. BossErma\03. ErmaLaser">
      <UniqueIdentifier>{f764bd10-7dd4-414d-9d0b-d995bb12105b}</UniqueIdentifier>
    </Filter>
    <Filter Include="01. Obj\02. Monster\02. Gargoyle">
      <UniqueIdentifier>{7c41fed8-58b9-4fff-ba98-becaa1d5ff0d}</UniqueIdentifier>
    </Filter>
    <Filter Include="04. Scene\00. Stage">
      <UniqueIdentifier>{e00739a8-abf4-4dbc-8042-e0a59b299a12}</UniqueIdentifier>
    </Filter>
    <Filter Include="04. Scene\00. Stage\01. Stage1">
      <UniqueIdentifier>{f229f306-9d3a-442a-beac-069f0526866a}</UniqueIdentifier>
    </Filter>
    <Filter Include="04. Scene\00. Stage\99. BossStage">
      <UniqueIdentifier>{e4e5358a-060c-4e59-a9f4-e90aaf197077}</UniqueIdentifier>
    </Filter>
    <Filter Include="04. Scene\01. LibLoading">
      <UniqueIdentifier>{331bf089-6b7c-4458-813a-bf5506012622}</UniqueIdentifier>
    </Filter>
    <Filter Include="01. Obj\06. UI\02. Inventory">
      <UniqueIdentifier>{70589247-b01e-4ed0-811f-f5813648347f}</UniqueIdentifier>
    </Filter>
    <Filter Include="05. Inventory">
      <UniqueIdentifier>{265bcbc6-c35a-4ae0-b6b1-07361f206e00}</UniqueIdentifier>
    </Filter>
    <Filter Include="01. Obj\06. UI\02. Inventory\00. CInventoryUI">
      <UniqueIdentifier>{433abf15-a0d6-41cb-bff6-3adc7823ddd8}</UniqueIdentifier>
    </Filter>
    <Filter Include="01. Obj\07. Item">
      <UniqueIdentifier>{1a161843-b6d6-4cd9-b3da-5561e8c5af5d}</UniqueIdentifier>
    </Filter>
    <Filter Include="01. Obj\06. UI\02. Inventory\01. CInventorySlotUI">
      <UniqueIdentifier>{3c79e06d-e89d-4543-b482-bdda3eb28fd3}</UniqueIdentifier>
    </Filter>
    <Filter Include="06. Data">
      <UniqueIdentifier>{6d97a5cd-a9ef-427b-997f-d3bb769e62ff}</UniqueIdentifier>
    </Filter>
    <Filter Include="01. Obj\08. BaBa">
      <UniqueIdentifier>{042df00f-f6c3-4748-a068-65819303cc87}</UniqueIdentifier>
    </Filter>
    <Filter Include="04. Scene\02. Shop">
      <UniqueIdentifier>{cb1a33f3-4dd4-47dd-a46a-1ae1aaded3a2}</UniqueIdentifier>
    </Filter>
    <Filter Include="01. Obj\06. UI\04. ShopTable">
      <UniqueIdentifier>{ad368fd1-3700-46aa-8895-9fa69e50a71a}</UniqueIdentifier>
    </Filter>
    <Filter Include="01. Obj\06. UI\04. ShopTable\00. ShopTable">
      <UniqueIdentifier>{dc4843e4-ab3e-4796-a869-f843253a9a0a}</UniqueIdentifier>
    </Filter>
    <Filter Include="01. Obj\06. UI\04. ShopTable\01. ShopTableSlot">
      <UniqueIdentifier>{1c0670ed-6b79-4026-a43d-586daa11c0ec}</UniqueIdentifier>
    </Filter>
    <Filter Include="01. Obj\06. UI\05. MsgBox">
      <UniqueIdentifier>{cfc7a1d5-e819-4099-a450-ef2cfe4b6d1c}</UniqueIdentifier>
    </Filter>
    <Filter Include="01. Obj\06. UI\06. Button">
      <UniqueIdentifier>{d1d16f5e-83a4-4c06-a145-5f15b3303fac}</UniqueIdentifier>
    </Filter>
    <Filter Include="01. Obj\06. UI\07. LevelUp">
      <UniqueIdentifier>{8ed1138d-4b55-4d05-9d71-354cfbf72d18}</UniqueIdentifier>
    </Filter>
    <Filter Include="01. Obj\06. UI\08. ItemSelectUI">
      <UniqueIdentifier>{3c991e15-5fa0-4a54-bd5a-0ec6d9a5988e}</UniqueIdentifier>
    </Filter>
    <Filter Include="01. Obj\06. UI\08. ItemSelectUI\00. ItemSelectUI">
      <UniqueIdentifier>{93cdc7cb-f135-417c-8ebb-13d8d25a4c3b}</UniqueIdentifier>
    </Filter>
    <Filter Include="01. Obj\06. UI\08. ItemSelectUI\01. ItemSelectSlotUI">
      <UniqueIdentifier>{756a94d0-1e99-4f37-9bb0-26dbd5930793}</UniqueIdentifier>
    </Filter>
    <Filter Include="01. Obj\09. Drop">
      <UniqueIdentifier>{d50b15cd-135c-4ff4-8a49-7bc0d4c31c80}</UniqueIdentifier>
    </Filter>
    <Filter Include="03. Manager\13. SoundMgr">
      <UniqueIdentifier>{9411c1ed-ffbd-4352-a680-73209462060b}</UniqueIdentifier>
    </Filter>
    <Filter Include="01. Obj\10. Sephirite">
      <UniqueIdentifier>{798fd484-bdc7-4d6d-8db9-776e46fc80e8}</UniqueIdentifier>
    </Filter>
    <Filter Include="01. Obj\11. Anvil">
      <UniqueIdentifier>{2c08eb7c-627d-4fc9-85ce-abeb8b806673}</UniqueIdentifier>
    </Filter>
    <Filter Include="04. Scene\03. Forge">
      <UniqueIdentifier>{743ebe37-e22d-481c-9266-4c68989ec636}</UniqueIdentifier>
    </Filter>
    <Filter Include="01. Obj\06. UI\09. ForgeUI">
      <UniqueIdentifier>{5224f266-8478-4ea2-842e-618ee0b49051}</UniqueIdentifier>
    </Filter>
    <Filter Include="01. Obj\06. UI\09. ForgeUI\00. ForgeUI">
      <UniqueIdentifier>{a606c6ce-da68-498c-9879-42fd09a242d2}</UniqueIdentifier>
    </Filter>
    <Filter Include="01. Obj\06. UI\09. ForgeUI\01. ForgeSlotUI">
      <UniqueIdentifier>{c5a7446f-5dc9-4653-b19e-10c8cf4328ed}</UniqueIdentifier>
    </Filter>
    <Filter Include="06. Data\01. WeaponData">
      <UniqueIdentifier>{6ad4c195-9177-4599-8431-30e762492376}</UniqueIdentifier>
    </Filter>
    <Filter Include="01. Obj\03. Weapon\01. SwordAndShield\00. Base">
      <UniqueIdentifier>{595c0d80-aaf9-4adc-b2e8-81e405e90ec9}</UniqueIdentifier>
    </Filter>
    <Filter Include="01. Obj\03. Weapon\01. SwordAndShield\00. Base\01. Shield">
      <UniqueIdentifier>{c16a84dc-93ae-44f1-b27c-7be096224c08}</UniqueIdentifier>
    </Filter>
    <Filter Include="01. Obj\03. Weapon\01. SwordAndShield\00. Base\00. Sword">
      <UniqueIdentifier>{3e3af32b-c35c-47ac-a38e-74b71e6408b9}</UniqueIdentifier>
    </Filter>
    <Filter Include="01. Obj\03. Weapon\01. SwordAndShield\01. Normal">
      <UniqueIdentifier>{d3fa1fb8-ddce-4ad2-82cd-465d82d85509}</UniqueIdentifier>
    </Filter>
    <Filter Include="01. Obj\03. Weapon\01. SwordAndShield\02. MagicStaff">
      <UniqueIdentifier>{e6d3d1dd-d9c6-461c-83e5-6a67a7639110}</UniqueIdentifier>
    </Filter>
    <Filter Include="01. Obj\03. Weapon\01. SwordAndShield\01. Normal\00. Sword">
      <UniqueIdentifier>{9e39fb63-47b5-48d5-894e-b1a6b4e342f5}</UniqueIdentifier>
    </Filter>
    <Filter Include="01. Obj\03. Weapon\01. SwordAndShield\01. Normal\01. Shield">
      <UniqueIdentifier>{edc8c0af-c28a-424b-8797-760371408422}</UniqueIdentifier>
    </Filter>
    <Filter Include="01. Obj\03. Weapon\01. SwordAndShield\02. MagicStaff\00. Staff">
      <UniqueIdentifier>{f4d0c394-e365-48dd-80bb-ad30751b0bc2}</UniqueIdentifier>
    </Filter>
    <Filter Include="01. Obj\03. Weapon\01. SwordAndShield\02. MagicStaff\01. Shield">
      <UniqueIdentifier>{815e05f1-d516-4136-b455-27e414fd053f}</UniqueIdentifier>
    </Filter>
    <Filter Include="06. Data\00. ArtifactData">
      <UniqueIdentifier>{a7e59f2a-5a36-4662-bcee-415067a04b1f}</UniqueIdentifier>
    </Filter>
    <Filter Include="01. Obj\07. Item\00. Artifact">
      <UniqueIdentifier>{87f742b4-52ab-4d27-8893-d6d29178462e}</UniqueIdentifier>
    </Filter>
    <Filter Include="01. Obj\07. Item\01. StoneTablet">
      <UniqueIdentifier>{bf36c614-9fbc-49e7-bd0e-facaeeee673c}</UniqueIdentifier>
    </Filter>
    <Filter Include="06. Data\02. StoneTabletData">
      <UniqueIdentifier>{5f21be1a-ee3f-4ca8-b927-34c76e4df62d}</UniqueIdentifier>
    </Filter>
    <Filter Include="01. Obj\06. UI\03. ToolTip">
      <UniqueIdentifier>{79c9b0e5-680c-49db-a9bd-50262dfc4feb}</UniqueIdentifier>
    </Filter>
    <Filter Include="01. Obj\06. UI\03. ToolTip\00. ArtifactToolTip">
      <UniqueIdentifier>{991d3e9b-4868-4499-86fd-953588fc1366}</UniqueIdentifier>
    </Filter>
    <Filter Include="01. Obj\06. UI\03. ToolTip\01. StoneTabletToolTip">
      <UniqueIdentifier>{5f559dcc-d7c7-4f0b-9c61-8ab19f44c6e1}</UniqueIdentifier>
    </Filter>
  </ItemGroup>
  <ItemGroup>
    <ClInclude Include="framework.h">
      <Filter>헤더 파일</Filter>
    </ClInclude>
    <ClInclude Include="targetver.h">
      <Filter>헤더 파일</Filter>
    </ClInclude>
    <ClInclude Include="Resource.h">
      <Filter>헤더 파일</Filter>
    </ClInclude>
    <ClInclude Include="Game.h">
      <Filter>헤더 파일</Filter>
    </ClInclude>
    <ClInclude Include="pch.h">
      <Filter>헤더 파일</Filter>
    </ClInclude>
    <ClInclude Include="CTimeMgr.h">
      <Filter>03. Manager\09. TimeMgr</Filter>
    </ClInclude>
    <ClInclude Include="Define.h">
      <Filter>헤더 파일</Filter>
    </ClInclude>
    <ClInclude Include="CMainGame.h">
      <Filter>00. MainGame</Filter>
    </ClInclude>
    <ClInclude Include="CObj.h">
      <Filter>01. Obj</Filter>
    </ClInclude>
    <ClInclude Include="CObjMgr.h">
      <Filter>03. Manager\02. ObjMgr</Filter>
    </ClInclude>
    <ClInclude Include="CAbstractFactory.h">
      <Filter>03. Manager\00. AbstractFactory</Filter>
    </ClInclude>
    <ClInclude Include="CCollisionMgr.h">
      <Filter>03. Manager\01. CollisionMgr</Filter>
    </ClInclude>
    <ClInclude Include="CKeyMgr.h">
      <Filter>03. Manager\04. KeyMgr</Filter>
    </ClInclude>
    <ClInclude Include="CLineMgr.h">
      <Filter>03. Manager\03. LineMgr</Filter>
    </ClInclude>
    <ClInclude Include="CLine.h">
      <Filter>03. Manager\03. LineMgr\00. Line</Filter>
    </ClInclude>
    <ClInclude Include="CCameraMgr.h">
      <Filter>03. Manager\05. CameraMgr</Filter>
    </ClInclude>
    <ClInclude Include="CTileMgr.h">
      <Filter>03. Manager\08. TileMgr</Filter>
    </ClInclude>
    <ClInclude Include="CTile.h">
      <Filter>03. Manager\08. TileMgr\00. Tile</Filter>
    </ClInclude>
    <ClInclude Include="CSceneMgr.h">
      <Filter>03. Manager\07. SceneMgr</Filter>
    </ClInclude>
    <ClInclude Include="CScene.h">
      <Filter>04. Scene</Filter>
    </ClInclude>
    <ClInclude Include="CImgMgr.h">
      <Filter>03. Manager\06. ImgMgr</Filter>
    </ClInclude>
    <ClInclude Include="CPlayer.h">
      <Filter>01. Obj\00. Player</Filter>
    </ClInclude>
    <ClInclude Include="CStage.h">
      <Filter>04. Scene\00. Stage</Filter>
    </ClInclude>
    <ClInclude Include="CCamera.h">
      <Filter>03. Manager\05. CameraMgr\00. Camera</Filter>
    </ClInclude>
    <ClInclude Include="CMonster.h">
      <Filter>01. Obj\02. Monster</Filter>
    </ClInclude>
    <ClInclude Include="CState.h">
      <Filter>02. State</Filter>
    </ClInclude>
    <ClInclude Include="CWeapon.h">
      <Filter>01. Obj\03. Weapon</Filter>
    </ClInclude>
    <ClInclude Include="CWeaponController.h">
      <Filter>01. Obj\03. Weapon\00. WeaponController</Filter>
    </ClInclude>
    <ClInclude Include="CShield.h">
      <Filter>01. Obj\03. Weapon\01. SwordAndShield\00. Base\01. Shield</Filter>
    </ClInclude>
    <ClInclude Include="CSword.h">
      <Filter>01. Obj\03. Weapon\01. SwordAndShield\00. Base\00. Sword</Filter>
    </ClInclude>
    <ClInclude Include="CEffectMgr.h">
      <Filter>03. Manager\10. EffectMgr</Filter>
    </ClInclude>
    <ClInclude Include="CEffect.h">
      <Filter>01. Obj\04. Effect</Filter>
    </ClInclude>
    <ClInclude Include="CFluffy.h">
      <Filter>01. Obj\02. Monster\01. Fluffy</Filter>
    </ClInclude>
    <ClInclude Include="CBullet.h">
      <Filter>01. Obj\05. Bullet</Filter>
    </ClInclude>
    <ClInclude Include="CBasicInfo.h">
      <Filter>01. Obj\06. UI\00. BasicInfo</Filter>
    </ClInclude>
    <ClInclude Include="CUI.h">
      <Filter>01. Obj\06. UI</Filter>
    </ClInclude>
    <ClInclude Include="CUIMgr.h">
      <Filter>03. Manager\11. UIMgr</Filter>
    </ClInclude>
    <ClInclude Include="CFontMgr.h">
      <Filter>03. Manager\12. FontMgr</Filter>
    </ClInclude>
    <ClInclude Include="CBossStage.h">
      <Filter>04. Scene\00. Stage\99. BossStage</Filter>
    </ClInclude>
    <ClInclude Include="CBossHp.h">
      <Filter>01. Obj\06. UI\01. BossHp</Filter>
    </ClInclude>
    <ClInclude Include="CBossErma.h">
      <Filter>01. Obj\02. Monster\00. BossErma</Filter>
    </ClInclude>
    <ClInclude Include="CErmaHead.h">
      <Filter>01. Obj\02. Monster\00. BossErma\00. ErmaParts\02. ErmaHead</Filter>
    </ClInclude>
    <ClInclude Include="CErmaHand.h">
      <Filter>01. Obj\02. Monster\00. BossErma\00. ErmaParts\03. ErmaHand</Filter>
    </ClInclude>
    <ClInclude Include="CErmaBody.h">
      <Filter>01. Obj\02. Monster\00. BossErma\00. ErmaParts\01. ErmaBody</Filter>
    </ClInclude>
    <ClInclude Include="CErmaPhase.h">
      <Filter>01. Obj\02. Monster\00. BossErma\01. ErmaPhase</Filter>
    </ClInclude>
    <ClInclude Include="CErmaPhase1.h">
      <Filter>01. Obj\02. Monster\00. BossErma\01. ErmaPhase\01. ErmaPhase1</Filter>
    </ClInclude>
    <ClInclude Include="CErmaPhase2.h">
      <Filter>01. Obj\02. Monster\00. BossErma\01. ErmaPhase\02. ErmaPhase2</Filter>
    </ClInclude>
    <ClInclude Include="CErma.h">
      <Filter>01. Obj\02. Monster\00. BossErma\00. ErmaParts\00. Erma</Filter>
    </ClInclude>
    <ClInclude Include="CErmaMissile.h">
      <Filter>01. Obj\02. Monster\00. BossErma\02. ErmaMissile</Filter>
    </ClInclude>
    <ClInclude Include="CErmaLaser.h">
      <Filter>01. Obj\02. Monster\00. BossErma\03. ErmaLaser</Filter>
    </ClInclude>
    <ClInclude Include="CStage1.h">
      <Filter>04. Scene\00. Stage\01. Stage1</Filter>
    </ClInclude>
    <ClInclude Include="CGargoyle.h">
      <Filter>01. Obj\02. Monster\02. Gargoyle</Filter>
    </ClInclude>
    <ClInclude Include="CLibLoading.h">
      <Filter>04. Scene\01. LibLoading</Filter>
    </ClInclude>
    <ClInclude Include="CInventoryUI.h">
      <Filter>01. Obj\06. UI\02. Inventory\00. CInventoryUI</Filter>
    </ClInclude>
    <ClInclude Include="CItem.h">
      <Filter>01. Obj\07. Item</Filter>
    </ClInclude>
    <ClInclude Include="CInventorySlotUI.h">
      <Filter>01. Obj\06. UI\02. Inventory\01. CInventorySlotUI</Filter>
    </ClInclude>
    <ClInclude Include="CMouse.h">
      <Filter>01. Obj\01. Mouse</Filter>
    </ClInclude>
    <ClInclude Include="CInventory.h">
      <Filter>05. Inventory</Filter>
    </ClInclude>
    <ClInclude Include="CArtifactData.h">
      <Filter>06. Data\00. ArtifactData</Filter>
    </ClInclude>
    <ClInclude Include="CBaba.h">
      <Filter>01. Obj\08. BaBa</Filter>
    </ClInclude>
    <ClInclude Include="CShopTable.h">
      <Filter>01. Obj\06. UI\04. ShopTable</Filter>
    </ClInclude>
    <ClInclude Include="CShop.h">
      <Filter>04. Scene\02. Shop</Filter>
    </ClInclude>
    <ClInclude Include="CShopTable.h">
      <Filter>01. Obj\06. UI\04. ShopTable\00. ShopTable</Filter>
    </ClInclude>
    <ClInclude Include="CShopTableSlot.h">
      <Filter>01. Obj\06. UI\04. ShopTable\01. ShopTableSlot</Filter>
    </ClInclude>
    <ClInclude Include="CMsgBox.h">
      <Filter>01. Obj\06. UI\05. MsgBox</Filter>
    </ClInclude>
    <ClInclude Include="CButton.h">
      <Filter>01. Obj\06. UI\06. Button</Filter>
    </ClInclude>
    <ClInclude Include="CLevelUp.h">
      <Filter>01. Obj\06. UI\07. LevelUp</Filter>
    </ClInclude>
    <ClInclude Include="CItemSelectUI.h">
      <Filter>01. Obj\06. UI\08. ItemSelectUI\00. ItemSelectUI</Filter>
    </ClInclude>
    <ClInclude Include="CItemSelectSlotUI.h">
      <Filter>01. Obj\06. UI\08. ItemSelectUI\01. ItemSelectSlotUI</Filter>
    </ClInclude>
    <ClInclude Include="CDrop.h">
      <Filter>01. Obj\09. Drop</Filter>
    </ClInclude>
    <ClInclude Include="CSoundMgr.h">
      <Filter>03. Manager\13. SoundMgr</Filter>
    </ClInclude>
    <ClInclude Include="CSephirite.h">
      <Filter>01. Obj\10. Sephirite</Filter>
    </ClInclude>
    <ClInclude Include="CAnvil.h">
      <Filter>01. Obj\11. Anvil</Filter>
    </ClInclude>
    <ClInclude Include="CForge.h">
      <Filter>04. Scene\03. Forge</Filter>
    </ClInclude>
    <ClInclude Include="CWeaponData.h">
      <Filter>06. Data\01. WeaponData</Filter>
    </ClInclude>
    <ClInclude Include="CSwordAndShield.h">
      <Filter>01. Obj\03. Weapon\01. SwordAndShield\00. Base</Filter>
    </ClInclude>
    <ClInclude Include="CNormalSwordAndShield.h">
      <Filter>01. Obj\03. Weapon\01. SwordAndShield\01. Normal</Filter>
    </ClInclude>
    <ClInclude Include="CNormalSword.h">
      <Filter>01. Obj\03. Weapon\01. SwordAndShield\01. Normal\00. Sword</Filter>
    </ClInclude>
    <ClInclude Include="CNormalShield.h">
      <Filter>01. Obj\03. Weapon\01. SwordAndShield\01. Normal\01. Shield</Filter>
    </ClInclude>
    <ClInclude Include="CMagicStaffSwordAndShield.h">
      <Filter>01. Obj\03. Weapon\01. SwordAndShield\02. MagicStaff</Filter>
    </ClInclude>
    <ClInclude Include="CMagicStaffSword.h">
      <Filter>01. Obj\03. Weapon\01. SwordAndShield\02. MagicStaff\00. Staff</Filter>
    </ClInclude>
    <ClInclude Include="CMagicStaffShield.h">
      <Filter>01. Obj\03. Weapon\01. SwordAndShield\02. MagicStaff\01. Shield</Filter>
    </ClInclude>
    <ClInclude Include="CForgeSlotUI.h">
      <Filter>01. Obj\06. UI\09. ForgeUI\01. ForgeSlotUI</Filter>
    </ClInclude>
    <ClInclude Include="CForgeUI.h">
      <Filter>01. Obj\06. UI\09. ForgeUI\00. ForgeUI</Filter>
    </ClInclude>
    <ClInclude Include="CArtifact.h">
      <Filter>01. Obj\07. Item\00. Artifact</Filter>
    </ClInclude>
    <ClInclude Include="CStoneTablet.h">
      <Filter>01. Obj\07. Item\01. StoneTablet</Filter>
    </ClInclude>
    <ClInclude Include="CStoneTabletData.h">
      <Filter>06. Data\02. StoneTabletData</Filter>
    </ClInclude>
    <ClInclude Include="CArtifactToolTip.h">
      <Filter>01. Obj\06. UI\03. ToolTip\00. ArtifactToolTip</Filter>
    </ClInclude>
    <ClInclude Include="CStoneTabletToolTIp.h">
      <Filter>01. Obj\06. UI\03. ToolTip\01. StoneTabletToolTip</Filter>
    </ClInclude>
  </ItemGroup>
  <ItemGroup>
    <ClCompile Include="Game.cpp">
      <Filter>소스 파일</Filter>
    </ClCompile>
    <ClCompile Include="pch.cpp">
      <Filter>소스 파일</Filter>
    </ClCompile>
    <ClCompile Include="CTimeMgr.cpp">
      <Filter>03. Manager\09. TimeMgr</Filter>
    </ClCompile>
    <ClCompile Include="CMainGame.cpp">
      <Filter>00. MainGame</Filter>
    </ClCompile>
    <ClCompile Include="CObj.cpp">
      <Filter>01. Obj</Filter>
    </ClCompile>
    <ClCompile Include="CObjMgr.cpp">
      <Filter>03. Manager\02. ObjMgr</Filter>
    </ClCompile>
    <ClCompile Include="CCollisionMgr.cpp">
      <Filter>03. Manager\01. CollisionMgr</Filter>
    </ClCompile>
    <ClCompile Include="CKeyMgr.cpp">
      <Filter>03. Manager\04. KeyMgr</Filter>
    </ClCompile>
    <ClCompile Include="CLineMgr.cpp">
      <Filter>03. Manager\03. LineMgr</Filter>
    </ClCompile>
    <ClCompile Include="CLine.cpp">
      <Filter>03. Manager\03. LineMgr\00. Line</Filter>
    </ClCompile>
    <ClCompile Include="CCameraMgr.cpp">
      <Filter>03. Manager\05. CameraMgr</Filter>
    </ClCompile>
    <ClCompile Include="CTileMgr.cpp">
      <Filter>03. Manager\08. TileMgr</Filter>
    </ClCompile>
    <ClCompile Include="CTile.cpp">
      <Filter>03. Manager\08. TileMgr\00. Tile</Filter>
    </ClCompile>
    <ClCompile Include="CSceneMgr.cpp">
      <Filter>03. Manager\07. SceneMgr</Filter>
    </ClCompile>
    <ClCompile Include="CScene.cpp">
      <Filter>04. Scene</Filter>
    </ClCompile>
    <ClCompile Include="CImgMgr.cpp">
      <Filter>03. Manager\06. ImgMgr</Filter>
    </ClCompile>
    <ClCompile Include="CPlayer.cpp">
      <Filter>01. Obj\00. Player</Filter>
    </ClCompile>
    <ClCompile Include="CStage.cpp">
      <Filter>04. Scene\00. Stage</Filter>
    </ClCompile>
    <ClCompile Include="CCamera.cpp">
      <Filter>03. Manager\05. CameraMgr\00. Camera</Filter>
    </ClCompile>
    <ClCompile Include="CMonster.cpp">
      <Filter>01. Obj\02. Monster</Filter>
    </ClCompile>
    <ClCompile Include="CState.cpp">
      <Filter>02. State</Filter>
    </ClCompile>
    <ClCompile Include="CWeapon.cpp">
      <Filter>01. Obj\03. Weapon</Filter>
    </ClCompile>
    <ClCompile Include="CWeaponController.cpp">
      <Filter>01. Obj\03. Weapon\00. WeaponController</Filter>
    </ClCompile>
    <ClCompile Include="CShield.cpp">
      <Filter>01. Obj\03. Weapon\01. SwordAndShield\00. Base\01. Shield</Filter>
    </ClCompile>
    <ClCompile Include="CSword.cpp">
      <Filter>01. Obj\03. Weapon\01. SwordAndShield\00. Base\00. Sword</Filter>
    </ClCompile>
    <ClCompile Include="CEffectMgr.cpp">
      <Filter>03. Manager\10. EffectMgr</Filter>
    </ClCompile>
    <ClCompile Include="CEffect.cpp">
      <Filter>01. Obj\04. Effect</Filter>
    </ClCompile>
    <ClCompile Include="CFluffy.cpp">
      <Filter>01. Obj\02. Monster\01. Fluffy</Filter>
    </ClCompile>
    <ClCompile Include="CBullet.cpp">
      <Filter>01. Obj\05. Bullet</Filter>
    </ClCompile>
    <ClCompile Include="CBasicInfo.cpp">
      <Filter>01. Obj\06. UI\00. BasicInfo</Filter>
    </ClCompile>
    <ClCompile Include="CUI.cpp">
      <Filter>01. Obj\06. UI</Filter>
    </ClCompile>
    <ClCompile Include="CUIMgr.cpp">
      <Filter>03. Manager\11. UIMgr</Filter>
    </ClCompile>
    <ClCompile Include="CFontMgr.cpp">
      <Filter>03. Manager\12. FontMgr</Filter>
    </ClCompile>
    <ClCompile Include="CBossStage.cpp">
      <Filter>04. Scene\00. Stage\99. BossStage</Filter>
    </ClCompile>
    <ClCompile Include="CBossHp.cpp">
      <Filter>01. Obj\06. UI\01. BossHp</Filter>
    </ClCompile>
    <ClCompile Include="CBossErma.cpp">
      <Filter>01. Obj\02. Monster\00. BossErma</Filter>
    </ClCompile>
    <ClCompile Include="CErmaBody.cpp">
      <Filter>01. Obj\02. Monster\00. BossErma\00. ErmaParts\01. ErmaBody</Filter>
    </ClCompile>
    <ClCompile Include="CErmaHand.cpp">
      <Filter>01. Obj\02. Monster\00. BossErma\00. ErmaParts\03. ErmaHand</Filter>
    </ClCompile>
    <ClCompile Include="CErmaHead.cpp">
      <Filter>01. Obj\02. Monster\00. BossErma\00. ErmaParts\02. ErmaHead</Filter>
    </ClCompile>
    <ClCompile Include="CErmaPhase.cpp">
      <Filter>01. Obj\02. Monster\00. BossErma\01. ErmaPhase</Filter>
    </ClCompile>
    <ClCompile Include="CErmaPhase1.cpp">
      <Filter>01. Obj\02. Monster\00. BossErma\01. ErmaPhase\01. ErmaPhase1</Filter>
    </ClCompile>
    <ClCompile Include="CErmaPhase2.cpp">
      <Filter>01. Obj\02. Monster\00. BossErma\01. ErmaPhase\02. ErmaPhase2</Filter>
    </ClCompile>
    <ClCompile Include="CErma.cpp">
      <Filter>01. Obj\02. Monster\00. BossErma\00. ErmaParts\00. Erma</Filter>
    </ClCompile>
    <ClCompile Include="CErmaMissile.cpp">
      <Filter>01. Obj\02. Monster\00. BossErma\02. ErmaMissile</Filter>
    </ClCompile>
    <ClCompile Include="CErmaLaser.cpp">
      <Filter>01. Obj\02. Monster\00. BossErma\03. ErmaLaser</Filter>
    </ClCompile>
    <ClCompile Include="CStage1.cpp">
      <Filter>04. Scene\00. Stage\01. Stage1</Filter>
    </ClCompile>
    <ClCompile Include="CGargoyle.cpp">
      <Filter>01. Obj\02. Monster\02. Gargoyle</Filter>
    </ClCompile>
    <ClCompile Include="CLibLoading.cpp">
      <Filter>04. Scene\01. LibLoading</Filter>
    </ClCompile>
    <ClCompile Include="CInventory.cpp">
      <Filter>05. Inventory</Filter>
    </ClCompile>
    <ClCompile Include="CInventoryUI.cpp">
      <Filter>01. Obj\06. UI\02. Inventory\00. CInventoryUI</Filter>
    </ClCompile>
    <ClCompile Include="CItem.cpp">
      <Filter>01. Obj\07. Item</Filter>
    </ClCompile>
    <ClCompile Include="CInventorySlotUI.cpp">
      <Filter>01. Obj\06. UI\02. Inventory\01. CInventorySlotUI</Filter>
    </ClCompile>
    <ClCompile Include="CMouse.cpp">
      <Filter>01. Obj\01. Mouse</Filter>
    </ClCompile>
    <ClCompile Include="CArtifactData.cpp">
      <Filter>06. Data\00. ArtifactData</Filter>
    </ClCompile>
    <ClCompile Include="CBaba.cpp">
      <Filter>01. Obj\08. BaBa</Filter>
    </ClCompile>
    <ClCompile Include="CShopTable.cpp">
      <Filter>01. Obj\06. UI\04. ShopTable</Filter>
    </ClCompile>
    <ClCompile Include="CShop.cpp">
      <Filter>04. Scene\02. Shop</Filter>
    </ClCompile>
    <ClCompile Include="CShopTable.cpp">
      <Filter>01. Obj\06. UI\04. ShopTable\00. ShopTable</Filter>
    </ClCompile>
    <ClCompile Include="CShopTableSlot.cpp">
      <Filter>01. Obj\06. UI\04. ShopTable\01. ShopTableSlot</Filter>
    </ClCompile>
    <ClCompile Include="CMsgBox.cpp">
      <Filter>01. Obj\06. UI\05. MsgBox</Filter>
    </ClCompile>
    <ClCompile Include="CButton.cpp">
      <Filter>01. Obj\06. UI\06. Button</Filter>
    </ClCompile>
    <ClCompile Include="CLevelUp.cpp">
      <Filter>01. Obj\06. UI\07. LevelUp</Filter>
    </ClCompile>
    <ClCompile Include="CItemSelectUI.cpp">
      <Filter>01. Obj\06. UI\08. ItemSelectUI\00. ItemSelectUI</Filter>
    </ClCompile>
    <ClCompile Include="CItemSelectSlotUI.cpp">
      <Filter>01. Obj\06. UI\08. ItemSelectUI\01. ItemSelectSlotUI</Filter>
    </ClCompile>
    <ClCompile Include="CDrop.cpp">
      <Filter>01. Obj\09. Drop</Filter>
    </ClCompile>
    <ClCompile Include="CSoundMgr.cpp">
      <Filter>03. Manager\13. SoundMgr</Filter>
    </ClCompile>
    <ClCompile Include="CSephirite.cpp">
      <Filter>01. Obj\10. Sephirite</Filter>
    </ClCompile>
    <ClCompile Include="CAnvil.cpp">
      <Filter>01. Obj\11. Anvil</Filter>
    </ClCompile>
    <ClCompile Include="CForge.cpp">
      <Filter>04. Scene\03. Forge</Filter>
    </ClCompile>
    <ClCompile Include="CWeaponData.cpp">
      <Filter>06. Data\01. WeaponData</Filter>
    </ClCompile>
    <ClCompile Include="CSwordAndShield.cpp">
      <Filter>01. Obj\03. Weapon\01. SwordAndShield\00. Base</Filter>
    </ClCompile>
    <ClCompile Include="CNormalSwordAndShield.cpp">
      <Filter>01. Obj\03. Weapon\01. SwordAndShield\01. Normal</Filter>
    </ClCompile>
    <ClCompile Include="CNormalSword.cpp">
      <Filter>01. Obj\03. Weapon\01. SwordAndShield\01. Normal\00. Sword</Filter>
    </ClCompile>
    <ClCompile Include="CNormalShield.cpp">
      <Filter>01. Obj\03. Weapon\01. SwordAndShield\01. Normal\01. Shield</Filter>
    </ClCompile>
    <ClCompile Include="CMagicStaffSwordAndShield.cpp">
      <Filter>01. Obj\03. Weapon\01. SwordAndShield\02. MagicStaff</Filter>
    </ClCompile>
    <ClCompile Include="CMagicStaffSword.cpp">
      <Filter>01. Obj\03. Weapon\01. SwordAndShield\02. MagicStaff\00. Staff</Filter>
    </ClCompile>
    <ClCompile Include="CMagicStaffShield.cpp">
      <Filter>01. Obj\03. Weapon\01. SwordAndShield\02. MagicStaff\01. Shield</Filter>
    </ClCompile>
    <ClCompile Include="CForgeSlotUI.cpp">
      <Filter>01. Obj\06. UI\09. ForgeUI\01. ForgeSlotUI</Filter>
    </ClCompile>
    <ClCompile Include="CForgeUI.cpp">
      <Filter>01. Obj\06. UI\09. ForgeUI\00. ForgeUI</Filter>
    </ClCompile>
    <ClCompile Include="CArtifact.cpp">
      <Filter>01. Obj\07. Item\00. Artifact</Filter>
    </ClCompile>
    <ClCompile Include="CStoneTablet.cpp">
      <Filter>01. Obj\07. Item\01. StoneTablet</Filter>
    </ClCompile>
    <ClCompile Include="CStoneTabletData.cpp">
      <Filter>06. Data\02. StoneTabletData</Filter>
    </ClCompile>
    <ClCompile Include="CArtifactToolTip.cpp">
      <Filter>01. Obj\06. UI\03. ToolTip\00. ArtifactToolTip</Filter>
    </ClCompile>
    <ClCompile Include="CStoneTabletToolTIp.cpp">
      <Filter>01. Obj\06. UI\03. ToolTip\01. StoneTabletToolTip</Filter>
    </ClCompile>
  </ItemGroup>
  <ItemGroup>
    <ResourceCompile Include="Game.rc">
      <Filter>리소스 파일</Filter>
    </ResourceCompile>
  </ItemGroup>
  <ItemGroup>
    <Image Include="small.ico">
      <Filter>리소스 파일</Filter>
    </Image>
    <Image Include="Game.ico">
      <Filter>리소스 파일</Filter>
    </Image>
  </ItemGroup>
</Project>